
Microsoft Visual Studio Solution File, Format Version 12.00
# Visual Studio Version 17
VisualStudioVersion = 17.5.33502.453
MinimumVisualStudioVersion = 10.0.40219.1
Project("{FAE04EC0-301F-11D3-BF4B-00C04F79EFBC}") = "TestGame0", "TestGame0.csproj", "{283138DC-9352-4520-B4CD-A371A11A6BC8}"
EndProject
Global
	GlobalSection(SolutionConfigurationPlatforms) = preSolution
		Debug|Any CPU = Debug|Any CPU
		Release|Any CPU = Release|Any CPU
	EndGlobalSection
	GlobalSection(ProjectConfigurationPlatforms) = postSolution
		{283138DC-9352-4520-B4CD-A371A11A6BC8}.Debug|Any CPU.ActiveCfg = Debug|Any CPU
		{283138DC-9352-4520-B4CD-A371A11A6BC8}.Debug|Any CPU.Build.0 = Debug|Any CPU
		{283138DC-9352-4520-B4CD-A371A11A6BC8}.Release|Any CPU.ActiveCfg = Release|Any CPU
		{283138DC-9352-4520-B4CD-A371A11A6BC8}.Release|Any CPU.Build.0 = Release|Any CPU
	EndGlobalSection
	GlobalSection(SolutionProperties) = preSolution
		HideSolutionNode = FALSE
	EndGlobalSection
	GlobalSection(ExtensibilityGlobals) = postSolution
		SolutionGuid = {E5AD7B2B-5962-4358-98D4-E51B54B04FC6}
	EndGlobalSection
EndGlobal
